
Microsoft Visual Studio Solution File, Format Version 12.00
# Visual Studio 15
Project("{FAE04EC0-301F-11D3-BF4B-00C04F79EFBC}") = "morseCode", "morseCode\morseCode.csproj", "{AE7D69AA-D81A-4073-B195-DC56634F137A}"
EndProject
Global
	GlobalSection(SolutionConfigurationPlatforms) = preSolution
		Debug|anycpu = Debug|anycpu
		Release|anycpu = Release|anycpu
	EndGlobalSection
	GlobalSection(ProjectConfigurationPlatforms) = postSolution
		{AE7D69AA-D81A-4073-B195-DC56634F137A}.Debug|anycpu.ActiveCfg = Debug|anycpu
		{AE7D69AA-D81A-4073-B195-DC56634F137A}.Debug|anycpu.Build.0 = Debug|anycpu
		{AE7D69AA-D81A-4073-B195-DC56634F137A}.Release|anycpu.ActiveCfg = Release|anycpu
		{AE7D69AA-D81A-4073-B195-DC56634F137A}.Release|anycpu.Build.0 = Release|anycpu
	EndGlobalSection
EndGlobal
